
Microsoft Visual Studio Solution File, Format Version 12.00
# Visual Studio Version 17
VisualStudioVersion = 17.11.35208.52
MinimumVisualStudioVersion = 10.0.40219.1
Project("{FAE04EC0-301F-11D3-BF4B-00C04F79EFBC}") = "FitnessClub.CMD", "FitnessClub.CMD\FitnessClub.CMD.csproj", "{376BF21D-B639-400D-9C4B-C043DA098742}"
EndProject
Project("{FAE04EC0-301F-11D3-BF4B-00C04F79EFBC}") = "FitnessClub.BL", "FitnessClub.BL\FitnessClub.BL.csproj", "{950D2CC0-53A3-4205-B8C8-72DA4E8387FB}"
EndProject
Global
	GlobalSection(SolutionConfigurationPlatforms) = preSolution
		Debug|Any CPU = Debug|Any CPU
		Release|Any CPU = Release|Any CPU
	EndGlobalSection
	GlobalSection(ProjectConfigurationPlatforms) = postSolution
		{376BF21D-B639-400D-9C4B-C043DA098742}.Debug|Any CPU.ActiveCfg = Debug|Any CPU
		{376BF21D-B639-400D-9C4B-C043DA098742}.Debug|Any CPU.Build.0 = Debug|Any CPU
		{376BF21D-B639-400D-9C4B-C043DA098742}.Release|Any CPU.ActiveCfg = Release|Any CPU
		{376BF21D-B639-400D-9C4B-C043DA098742}.Release|Any CPU.Build.0 = Release|Any CPU
		{950D2CC0-53A3-4205-B8C8-72DA4E8387FB}.Debug|Any CPU.ActiveCfg = Debug|Any CPU
		{950D2CC0-53A3-4205-B8C8-72DA4E8387FB}.Debug|Any CPU.Build.0 = Debug|Any CPU
		{950D2CC0-53A3-4205-B8C8-72DA4E8387FB}.Release|Any CPU.ActiveCfg = Release|Any CPU
		{950D2CC0-53A3-4205-B8C8-72DA4E8387FB}.Release|Any CPU.Build.0 = Release|Any CPU
	EndGlobalSection
	GlobalSection(SolutionProperties) = preSolution
		HideSolutionNode = FALSE
	EndGlobalSection
	GlobalSection(ExtensibilityGlobals) = postSolution
		SolutionGuid = {04911F93-38C6-4B6C-AA79-AF072490A2A7}
	EndGlobalSection
EndGlobal
